// !$*UTF8*$!
{
	archiveVersion = 1;
	classes = {
	};
	objectVersion = 50;
	objects = {

/* Begin PBXBuildFile section */
		6344095222F1738900F64C99 /* AppDelegate.swift in Sources */ = {isa = PBXBuildFile; fileRef = 6344095122F1738900F64C99 /* AppDelegate.swift */; };
		6344095422F1738900F64C99 /* ViewController.swift in Sources */ = {isa = PBXBuildFile; fileRef = 6344095322F1738900F64C99 /* ViewController.swift */; };
		6344095722F1738900F64C99 /* Main.storyboard in Resources */ = {isa = PBXBuildFile; fileRef = 6344095522F1738900F64C99 /* Main.storyboard */; };
		6344095922F1738B00F64C99 /* Assets.xcassets in Resources */ = {isa = PBXBuildFile; fileRef = 6344095822F1738B00F64C99 /* Assets.xcassets */; };
		6344095C22F1738B00F64C99 /* LaunchScreen.storyboard in Resources */ = {isa = PBXBuildFile; fileRef = 6344095A22F1738B00F64C99 /* LaunchScreen.storyboard */; };
		6344096722F1738B00F64C99 /* PracticeTableViewTests.swift in Sources */ = {isa = PBXBuildFile; fileRef = 6344096622F1738B00F64C99 /* PracticeTableViewTests.swift */; };
		6344097222F1738B00F64C99 /* PracticeTableViewUITests.swift in Sources */ = {isa = PBXBuildFile; fileRef = 6344097122F1738B00F64C99 /* PracticeTableViewUITests.swift */; };
/* End PBXBuildFile section */

/* Begin PBXContainerItemProxy section */
		6344096322F1738B00F64C99 /* PBXContainerItemProxy */ = {
			isa = PBXContainerItemProxy;
			containerPortal = 6344094622F1738900F64C99 /* Project object */;
			proxyType = 1;
			remoteGlobalIDString = 6344094D22F1738900F64C99;
			remoteInfo = PracticeTableView;
		};
		6344096E22F1738B00F64C99 /* PBXContainerItemProxy */ = {
			isa = PBXContainerItemProxy;
			containerPortal = 6344094622F1738900F64C99 /* Project object */;
			proxyType = 1;
			remoteGlobalIDString = 6344094D22F1738900F64C99;
			remoteInfo = PracticeTableView;
		};
/* End PBXContainerItemProxy section */

/* Begin PBXFileReference section */
		6344094E22F1738900F64C99 /* PracticeTableView.app */ = {isa = PBXFileReference; explicitFileType = wrapper.application; includeInIndex = 0; path = PracticeTableView.app; sourceTree = BUILT_PRODUCTS_DIR; };
		6344095122F1738900F64C99 /* AppDelegate.swift */ = {isa = PBXFileReference; lastKnownFileType = sourcecode.swift; path = AppDelegate.swift; sourceTree = "<group>"; };
		6344095322F1738900F64C99 /* ViewController.swift */ = {isa = PBXFileReference; lastKnownFileType = sourcecode.swift; path = ViewController.swift; sourceTree = "<group>"; };
		6344095622F1738900F64C99 /* Base */ = {isa = PBXFileReference; lastKnownFileType = file.storyboard; name = Base; path = Base.lproj/Main.storyboard; sourceTree = "<group>"; };
		6344095822F1738B00F64C99 /* Assets.xcassets */ = {isa = PBXFileReference; lastKnownFileType = folder.assetcatalog; path = Assets.xcassets; sourceTree = "<group>"; };
		6344095B22F1738B00F64C99 /* Base */ = {isa = PBXFileReference; lastKnownFileType = file.storyboard; name = Base; path = Base.lproj/LaunchScreen.storyboard; sourceTree = "<group>"; };
		6344095D22F1738B00F64C99 /* Info.plist */ = {isa = PBXFileReference; lastKnownFileType = text.plist.xml; path = Info.plist; sourceTree = "<group>"; };
		6344096222F1738B00F64C99 /* PracticeTableViewTests.xctest */ = {isa = PBXFileReference; explicitFileType = wrapper.cfbundle; includeInIndex = 0; path = PracticeTableViewTests.xctest; sourceTree = BUILT_PRODUCTS_DIR; };
		6344096622F1738B00F64C99 /* PracticeTableViewTests.swift */ = {isa = PBXFileReference; lastKnownFileType = sourcecode.swift; path = PracticeTableViewTests.swift; sourceTree = "<group>"; };
		6344096822F1738B00F64C99 /* Info.plist */ = {isa = PBXFileReference; lastKnownFileType = text.plist.xml; path = Info.plist; sourceTree = "<group>"; };
		6344096D22F1738B00F64C99 /* PracticeTableViewUITests.xctest */ = {isa = PBXFileReference; explicitFileType = wrapper.cfbundle; includeInIndex = 0; path = PracticeTableViewUITests.xctest; sourceTree = BUILT_PRODUCTS_DIR; };
		6344097122F1738B00F64C99 /* PracticeTableViewUITests.swift */ = {isa = PBXFileReference; lastKnownFileType = sourcecode.swift; path = PracticeTableViewUITests.swift; sourceTree = "<group>"; };
		6344097322F1738B00F64C99 /* Info.plist */ = {isa = PBXFileReference; lastKnownFileType = text.plist.xml; path = Info.plist; sourceTree = "<group>"; };
/* End PBXFileReference section */

/* Begin PBXFrameworksBuildPhase section */
		6344094B22F1738900F64C99 /* Frameworks */ = {
			isa = PBXFrameworksBuildPhase;
			buildActionMask = 2147483647;
			files = (
			);
			runOnlyForDeploymentPostprocessing = 0;
		};
		6344095F22F1738B00F64C99 /* Frameworks */ = {
			isa = PBXFrameworksBuildPhase;
			buildActionMask = 2147483647;
			files = (
			);
			runOnlyForDeploymentPostprocessing = 0;
		};
		6344096A22F1738B00F64C99 /* Frameworks */ = {
			isa = PBXFrameworksBuildPhase;
			buildActionMask = 2147483647;
			files = (
			);
			runOnlyForDeploymentPostprocessing = 0;
		};
/* End PBXFrameworksBuildPhase section */

/* Begin PBXGroup section */
		6344094522F1738900F64C99 = {
			isa = PBXGroup;
			children = (
				6344095022F1738900F64C99 /* PracticeTableView */,
				6344096522F1738B00F64C99 /* PracticeTableViewTests */,
				6344097022F1738B00F64C99 /* PracticeTableViewUITests */,
				6344094F22F1738900F64C99 /* Products */,
			);
			sourceTree = "<group>";
		};
		6344094F22F1738900F64C99 /* Products */ = {
			isa = PBXGroup;
			children = (
				6344094E22F1738900F64C99 /* PracticeTableView.app */,
				6344096222F1738B00F64C99 /* PracticeTableViewTests.xctest */,
				6344096D22F1738B00F64C99 /* PracticeTableViewUITests.xctest */,
			);
			name = Products;
			sourceTree = "<group>";
		};
		6344095022F1738900F64C99 /* PracticeTableView */ = {
			isa = PBXGroup;
			children = (
				6344095122F1738900F64C99 /* AppDelegate.swift */,
				6344095322F1738900F64C99 /* ViewController.swift */,
				6344095522F1738900F64C99 /* Main.storyboard */,
				6344095822F1738B00F64C99 /* Assets.xcassets */,
				6344095A22F1738B00F64C99 /* LaunchScreen.storyboard */,
				6344095D22F1738B00F64C99 /* Info.plist */,
			);
			path = PracticeTableView;
			sourceTree = "<group>";
		};
		6344096522F1738B00F64C99 /* PracticeTableViewTests */ = {
			isa = PBXGroup;
			children = (
				6344096622F1738B00F64C99 /* PracticeTableViewTests.swift */,
				6344096822F1738B00F64C99 /* Info.plist */,
			);
			path = PracticeTableViewTests;
			sourceTree = "<group>";
		};
		6344097022F1738B00F64C99 /* PracticeTableViewUITests */ = {
			isa = PBXGroup;
			children = (
				6344097122F1738B00F64C99 /* PracticeTableViewUITests.swift */,
				6344097322F1738B00F64C99 /* Info.plist */,
			);
			path = PracticeTableViewUITests;
			sourceTree = "<group>";
		};
/* End PBXGroup section */

/* Begin PBXNativeTarget section */
		6344094D22F1738900F64C99 /* PracticeTableView */ = {
			isa = PBXNativeTarget;
			buildConfigurationList = 6344097622F1738B00F64C99 /* Build configuration list for PBXNativeTarget "PracticeTableView" */;
			buildPhases = (
				6344094A22F1738900F64C99 /* Sources */,
				6344094B22F1738900F64C99 /* Frameworks */,
				6344094C22F1738900F64C99 /* Resources */,
			);
			buildRules = (
			);
			dependencies = (
			);
			name = PracticeTableView;
			productName = PracticeTableView;
			productReference = 6344094E22F1738900F64C99 /* PracticeTableView.app */;
			productType = "com.apple.product-type.application";
		};
		6344096122F1738B00F64C99 /* PracticeTableViewTests */ = {
			isa = PBXNativeTarget;
			buildConfigurationList = 6344097922F1738B00F64C99 /* Build configuration list for PBXNativeTarget "PracticeTableViewTests" */;
			buildPhases = (
				6344095E22F1738B00F64C99 /* Sources */,
				6344095F22F1738B00F64C99 /* Frameworks */,
				6344096022F1738B00F64C99 /* Resources */,
			);
			buildRules = (
			);
			dependencies = (
				6344096422F1738B00F64C99 /* PBXTargetDependency */,
			);
			name = PracticeTableViewTests;
			productName = PracticeTableViewTests;
			productReference = 6344096222F1738B00F64C99 /* PracticeTableViewTests.xctest */;
			productType = "com.apple.product-type.bundle.unit-test";
		};
		6344096C22F1738B00F64C99 /* PracticeTableViewUITests */ = {
			isa = PBXNativeTarget;
			buildConfigurationList = 6344097C22F1738B00F64C99 /* Build configuration list for PBXNativeTarget "PracticeTableViewUITests" */;
			buildPhases = (
				6344096922F1738B00F64C99 /* Sources */,
				6344096A22F1738B00F64C99 /* Frameworks */,
				6344096B22F1738B00F64C99 /* Resources */,
			);
			buildRules = (
			);
			dependencies = (
				6344096F22F1738B00F64C99 /* PBXTargetDependency */,
			);
			name = PracticeTableViewUITests;
			productName = PracticeTableViewUITests;
			productReference = 6344096D22F1738B00F64C99 /* PracticeTableViewUITests.xctest */;
			productType = "com.apple.product-type.bundle.ui-testing";
		};
/* End PBXNativeTarget section */

/* Begin PBXProject section */
		6344094622F1738900F64C99 /* Project object */ = {
			isa = PBXProject;
			attributes = {
				LastSwiftUpdateCheck = 1030;
				LastUpgradeCheck = 1030;
				ORGANIZATIONNAME = hirano_tomoka;
				TargetAttributes = {
					6344094D22F1738900F64C99 = {
						CreatedOnToolsVersion = 10.3;
					};
					6344096122F1738B00F64C99 = {
						CreatedOnToolsVersion = 10.3;
						TestTargetID = 6344094D22F1738900F64C99;
					};
					6344096C22F1738B00F64C99 = {
						CreatedOnToolsVersion = 10.3;
						TestTargetID = 6344094D22F1738900F64C99;
					};
				};
			};
			buildConfigurationList = 6344094922F1738900F64C99 /* Build configuration list for PBXProject "PracticeTableView" */;
			compatibilityVersion = "Xcode 9.3";
			developmentRegion = en;
			hasScannedForEncodings = 0;
			knownRegions = (
				en,
				Base,
			);
			mainGroup = 6344094522F1738900F64C99;
			productRefGroup = 6344094F22F1738900F64C99 /* Products */;
			projectDirPath = "";
			projectRoot = "";
			targets = (
				6344094D22F1738900F64C99 /* PracticeTableView */,
				6344096122F1738B00F64C99 /* PracticeTableViewTests */,
				6344096C22F1738B00F64C99 /* PracticeTableViewUITests */,
			);
		};
/* End PBXProject section */

/* Begin PBXResourcesBuildPhase section */
		6344094C22F1738900F64C99 /* Resources */ = {
			isa = PBXResourcesBuildPhase;
			buildActionMask = 2147483647;
			files = (
				6344095C22F1738B00F64C99 /* LaunchScreen.storyboard in Resources */,
				6344095922F1738B00F64C99 /* Assets.xcassets in Resources */,
				6344095722F1738900F64C99 /* Main.storyboard in Resources */,
			);
			runOnlyForDeploymentPostprocessing = 0;
		};
		6344096022F1738B00F64C99 /* Resources */ = {
			isa = PBXResourcesBuildPhase;
			buildActionMask = 2147483647;
			files = (
			);
			runOnlyForDeploymentPostprocessing = 0;
		};
		6344096B22F1738B00F64C99 /* Resources */ = {
			isa = PBXResourcesBuildPhase;
			buildActionMask = 2147483647;
			files = (
			);
			runOnlyForDeploymentPostprocessing = 0;
		};
/* End PBXResourcesBuildPhase section */

/* Begin PBXSourcesBuildPhase section */
		6344094A22F1738900F64C99 /* Sources */ = {
			isa = PBXSourcesBuildPhase;
			buildActionMask = 2147483647;
			files = (
				6344095422F1738900F64C99 /* ViewController.swift in Sources */,
				6344095222F1738900F64C99 /* AppDelegate.swift in Sources */,
			);
			runOnlyForDeploymentPostprocessing = 0;
		};
		6344095E22F1738B00F64C99 /* Sources */ = {
			isa = PBXSourcesBuildPhase;
			buildActionMask = 2147483647;
			files = (
				6344096722F1738B00F64C99 /* PracticeTableViewTests.swift in Sources */,
			);
			runOnlyForDeploymentPostprocessing = 0;
		};
		6344096922F1738B00F64C99 /* Sources */ = {
			isa = PBXSourcesBuildPhase;
			buildActionMask = 2147483647;
			files = (
				6344097222F1738B00F64C99 /* PracticeTableViewUITests.swift in Sources */,
			);
			runOnlyForDeploymentPostprocessing = 0;
		};
/* End PBXSourcesBuildPhase section */

/* Begin PBXTargetDependency section */
		6344096422F1738B00F64C99 /* PBXTargetDependency */ = {
			isa = PBXTargetDependency;
			target = 6344094D22F1738900F64C99 /* PracticeTableView */;
			targetProxy = 6344096322F1738B00F64C99 /* PBXContainerItemProxy */;
		};
		6344096F22F1738B00F64C99 /* PBXTargetDependency */ = {
			isa = PBXTargetDependency;
			target = 6344094D22F1738900F64C99 /* PracticeTableView */;
			targetProxy = 6344096E22F1738B00F64C99 /* PBXContainerItemProxy */;
		};
/* End PBXTargetDependency section */

/* Begin PBXVariantGroup section */
		6344095522F1738900F64C99 /* Main.storyboard */ = {
			isa = PBXVariantGroup;
			children = (
				6344095622F1738900F64C99 /* Base */,
			);
			name = Main.storyboard;
			sourceTree = "<group>";
		};
		6344095A22F1738B00F64C99 /* LaunchScreen.storyboard */ = {
			isa = PBXVariantGroup;
			children = (
				6344095B22F1738B00F64C99 /* Base */,
			);
			name = LaunchScreen.storyboard;
			sourceTree = "<group>";
		};
/* End PBXVariantGroup section */

/* Begin XCBuildConfiguration section */
		6344097422F1738B00F64C99 /* Debug */ = {
			isa = XCBuildConfiguration;
			buildSettings = {
				ALWAYS_SEARCH_USER_PATHS = NO;
				CLANG_ANALYZER_NONNULL = YES;
				CLANG_ANALYZER_NUMBER_OBJECT_CONVERSION = YES_AGGRESSIVE;
				CLANG_CXX_LANGUAGE_STANDARD = "gnu++14";
				CLANG_CXX_LIBRARY = "libc++";
				CLANG_ENABLE_MODULES = YES;
				CLANG_ENABLE_OBJC_ARC = YES;
				CLANG_ENABLE_OBJC_WEAK = YES;
				CLANG_WARN_BLOCK_CAPTURE_AUTORELEASING = YES;
				CLANG_WARN_BOOL_CONVERSION = YES;
				CLANG_WARN_COMMA = YES;
				CLANG_WARN_CONSTANT_CONVERSION = YES;
				CLANG_WARN_DEPRECATED_OBJC_IMPLEMENTATIONS = YES;
				CLANG_WARN_DIRECT_OBJC_ISA_USAGE = YES_ERROR;
				CLANG_WARN_DOCUMENTATION_COMMENTS = YES;
				CLANG_WARN_EMPTY_BODY = YES;
				CLANG_WARN_ENUM_CONVERSION = YES;
				CLANG_WARN_INFINITE_RECURSION = YES;
				CLANG_WARN_INT_CONVERSION = YES;
				CLANG_WARN_NON_LITERAL_NULL_CONVERSION = YES;
				CLANG_WARN_OBJC_IMPLICIT_RETAIN_SELF = YES;
				CLANG_WARN_OBJC_LITERAL_CONVERSION = YES;
				CLANG_WARN_OBJC_ROOT_CLASS = YES_ERROR;
				CLANG_WARN_RANGE_LOOP_ANALYSIS = YES;
				CLANG_WARN_STRICT_PROTOTYPES = YES;
				CLANG_WARN_SUSPICIOUS_MOVE = YES;
				CLANG_WARN_UNGUARDED_AVAILABILITY = YES_AGGRESSIVE;
				CLANG_WARN_UNREACHABLE_CODE = YES;
				CLANG_WARN__DUPLICATE_METHOD_MATCH = YES;
				CODE_SIGN_IDENTITY = "iPhone Developer";
				COPY_PHASE_STRIP = NO;
				DEBUG_INFORMATION_FORMAT = dwarf;
				ENABLE_STRICT_OBJC_MSGSEND = YES;
				ENABLE_TESTABILITY = YES;
				GCC_C_LANGUAGE_STANDARD = gnu11;
				GCC_DYNAMIC_NO_PIC = NO;
				GCC_NO_COMMON_BLOCKS = YES;
				GCC_OPTIMIZATION_LEVEL = 0;
				GCC_PREPROCESSOR_DEFINITIONS = (
					"DEBUG=1",
					"$(inherited)",
				);
				GCC_WARN_64_TO_32_BIT_CONVERSION = YES;
				GCC_WARN_ABOUT_RETURN_TYPE = YES_ERROR;
				GCC_WARN_UNDECLARED_SELECTOR = YES;
				GCC_WARN_UNINITIALIZED_AUTOS = YES_AGGRESSIVE;
				GCC_WARN_UNUSED_FUNCTION = YES;
				GCC_WARN_UNUSED_VARIABLE = YES;
				IPHONEOS_DEPLOYMENT_TARGET = 12.4;
				MTL_ENABLE_DEBUG_INFO = INCLUDE_SOURCE;
				MTL_FAST_MATH = YES;
				ONLY_ACTIVE_ARCH = YES;
				SDKROOT = iphoneos;
				SWIFT_ACTIVE_COMPILATION_CONDITIONS = DEBUG;
				SWIFT_OPTIMIZATION_LEVEL = "-Onone";
			};
			name = Debug;
		};
		6344097522F1738B00F64C99 /* Release */ = {
			isa = XCBuildConfiguration;
			buildSettings = {
				ALWAYS_SEARCH_USER_PATHS = NO;
				CLANG_ANALYZER_NONNULL = YES;
				CLANG_ANALYZER_NUMBER_OBJECT_CONVERSION = YES_AGGRESSIVE;
				CLANG_CXX_LANGUAGE_STANDARD = "gnu++14";
				CLANG_CXX_LIBRARY = "libc++";
				CLANG_ENABLE_MODULES = YES;
				CLANG_ENABLE_OBJC_ARC = YES;
				CLANG_ENABLE_OBJC_WEAK = YES;
				CLANG_WARN_BLOCK_CAPTURE_AUTORELEASING = YES;
				CLANG_WARN_BOOL_CONVERSION = YES;
				CLANG_WARN_COMMA = YES;
				CLANG_WARN_CONSTANT_CONVERSION = YES;
				CLANG_WARN_DEPRECATED_OBJC_IMPLEMENTATIONS = YES;
				CLANG_WARN_DIRECT_OBJC_ISA_USAGE = YES_ERROR;
				CLANG_WARN_DOCUMENTATION_COMMENTS = YES;
				CLANG_WARN_EMPTY_BODY = YES;
				CLANG_WARN_ENUM_CONVERSION = YES;
				CLANG_WARN_INFINITE_RECURSION = YES;
				CLANG_WARN_INT_CONVERSION = YES;
				CLANG_WARN_NON_LITERAL_NULL_CONVERSION = YES;
				CLANG_WARN_OBJC_IMPLICIT_RETAIN_SELF = YES;
				CLANG_WARN_OBJC_LITERAL_CONVERSION = YES;
				CLANG_WARN_OBJC_ROOT_CLASS = YES_ERROR;
				CLANG_WARN_RANGE_LOOP_ANALYSIS = YES;
				CLANG_WARN_STRICT_PROTOTYPES = YES;
				CLANG_WARN_SUSPICIOUS_MOVE = YES;
				CLANG_WARN_UNGUARDED_AVAILABILITY = YES_AGGRESSIVE;
				CLANG_WARN_UNREACHABLE_CODE = YES;
				CLANG_WARN__DUPLICATE_METHOD_MATCH = YES;
				CODE_SIGN_IDENTITY = "iPhone Developer";
				COPY_PHASE_STRIP = NO;
				DEBUG_INFORMATION_FORMAT = "dwarf-with-dsym";
				ENABLE_NS_ASSERTIONS = NO;
				ENABLE_STRICT_OBJC_MSGSEND = YES;
				GCC_C_LANGUAGE_STANDARD = gnu11;
				GCC_NO_COMMON_BLOCKS = YES;
				GCC_WARN_64_TO_32_BIT_CONVERSION = YES;
				GCC_WARN_ABOUT_RETURN_TYPE = YES_ERROR;
				GCC_WARN_UNDECLARED_SELECTOR = YES;
				GCC_WARN_UNINITIALIZED_AUTOS = YES_AGGRESSIVE;
				GCC_WARN_UNUSED_FUNCTION = YES;
				GCC_WARN_UNUSED_VARIABLE = YES;
				IPHONEOS_DEPLOYMENT_TARGET = 12.4;
				MTL_ENABLE_DEBUG_INFO = NO;
				MTL_FAST_MATH = YES;
				SDKROOT = iphoneos;
				SWIFT_COMPILATION_MODE = wholemodule;
				SWIFT_OPTIMIZATION_LEVEL = "-O";
				VALIDATE_PRODUCT = YES;
			};
			name = Release;
		};
		6344097722F1738B00F64C99 /* Debug */ = {
			isa = XCBuildConfiguration;
			buildSettings = {
				ASSETCATALOG_COMPILER_APPICON_NAME = AppIcon;
				CODE_SIGN_STYLE = Automatic;
				DEVELOPMENT_TEAM = P8WSM73W3S;
				INFOPLIST_FILE = PracticeTableView/Info.plist;
				LD_RUNPATH_SEARCH_PATHS = (
					"$(inherited)",
					"@executable_path/Frameworks",
				);
				PRODUCT_BUNDLE_IDENTIFIER = com.practiceTableView.PracticeTableView;
				PRODUCT_NAME = "$(TARGET_NAME)";
				SWIFT_VERSION = 5.0;
				TARGETED_DEVICE_FAMILY = "1,2";
			};
			name = Debug;
		};
		6344097822F1738B00F64C99 /* Release */ = {
			isa = XCBuildConfiguration;
			buildSettings = {
				ASSETCATALOG_COMPILER_APPICON_NAME = AppIcon;
				CODE_SIGN_STYLE = Automatic;
				DEVELOPMENT_TEAM = P8WSM73W3S;
				INFOPLIST_FILE = PracticeTableView/Info.plist;
				LD_RUNPATH_SEARCH_PATHS = (
					"$(inherited)",
					"@executable_path/Frameworks",
				);
				PRODUCT_BUNDLE_IDENTIFIER = com.practiceTableView.PracticeTableView;
				PRODUCT_NAME = "$(TARGET_NAME)";
				SWIFT_VERSION = 5.0;
				TARGETED_DEVICE_FAMILY = "1,2";
			};
			name = Release;
		};
		6344097A22F1738B00F64C99 /* Debug */ = {
			isa = XCBuildConfiguration;
			buildSettings = {
				ALWAYS_EMBED_SWIFT_STANDARD_LIBRARIES = YES;
				BUNDLE_LOADER = "$(TEST_HOST)";
				CODE_SIGN_STYLE = Automatic;
				DEVELOPMENT_TEAM = P8WSM73W3S;
				INFOPLIST_FILE = PracticeTableViewTests/Info.plist;
				LD_RUNPATH_SEARCH_PATHS = (
					"$(inherited)",
					"@executable_path/Frameworks",
					"@loader_path/Frameworks",
				);
				PRODUCT_BUNDLE_IDENTIFIER = com.practiceTableView.PracticeTableViewTests;
				PRODUCT_NAME = "$(TARGET_NAME)";
				SWIFT_VERSION = 5.0;
				TARGETED_DEVICE_FAMILY = "1,2";
				TEST_HOST = "$(BUILT_PRODUCTS_DIR)/PracticeTableView.app/PracticeTableView";
			};
			name = Debug;
		};
		6344097B22F1738B00F64C99 /* Release */ = {
			isa = XCBuildConfiguration;
			buildSettings = {
				ALWAYS_EMBED_SWIFT_STANDARD_LIBRARIES = YES;
				BUNDLE_LOADER = "$(TEST_HOST)";
				CODE_SIGN_STYLE = Automatic;
				DEVELOPMENT_TEAM = P8WSM73W3S;
				INFOPLIST_FILE = PracticeTableViewTests/Info.plist;
				LD_RUNPATH_SEARCH_PATHS = (
					"$(inherited)",
					"@executable_path/Frameworks",
					"@loader_path/Frameworks",
				);
				PRODUCT_BUNDLE_IDENTIFIER = com.practiceTableView.PracticeTableViewTests;
				PRODUCT_NAME = "$(TARGET_NAME)";
				SWIFT_VERSION = 5.0;
				TARGETED_DEVICE_FAMILY = "1,2";
				TEST_HOST = "$(BUILT_PRODUCTS_DIR)/PracticeTableView.app/PracticeTableView";
			};
			name = Release;
		};
		6344097D22F1738B00F64C99 /* Debug */ = {
			isa = XCBuildConfiguration;
			buildSettings = {
				ALWAYS_EMBED_SWIFT_STANDARD_LIBRARIES = YES;
				CODE_SIGN_STYLE = Automatic;
				DEVELOPMENT_TEAM = P8WSM73W3S;
				INFOPLIST_FILE = PracticeTableViewUITests/Info.plist;
				LD_RUNPATH_SEARCH_PATHS = (
					"$(inherited)",
					"@executable_path/Frameworks",
					"@loader_path/Frameworks",
				);
				PRODUCT_BUNDLE_IDENTIFIER = com.practiceTableView.PracticeTableViewUITests;
				PRODUCT_NAME = "$(TARGET_NAME)";
				SWIFT_VERSION = 5.0;
				TARGETED_DEVICE_FAMILY = "1,2";
				TEST_TARGET_NAME = PracticeTableView;
			};
			name = Debug;
		};
		6344097E22F1738B00F64C99 /* Release */ = {
			isa = XCBuildConfiguration;
			buildSettings = {
				ALWAYS_EMBED_SWIFT_STANDARD_LIBRARIES = YES;
				CODE_SIGN_STYLE = Automatic;
				DEVELOPMENT_TEAM = P8WSM73W3S;
				INFOPLIST_FILE = PracticeTableViewUITests/Info.plist;
				LD_RUNPATH_SEARCH_PATHS = (
					"$(inherited)",
					"@executable_path/Frameworks",
					"@loader_path/Frameworks",
				);
				PRODUCT_BUNDLE_IDENTIFIER = com.practiceTableView.PracticeTableViewUITests;
				PRODUCT_NAME = "$(TARGET_NAME)";
				SWIFT_VERSION = 5.0;
				TARGETED_DEVICE_FAMILY = "1,2";
				TEST_TARGET_NAME = PracticeTableView;
			};
			name = Release;
		};
/* End XCBuildConfiguration section */

/* Begin XCConfigurationList section */
		6344094922F1738900F64C99 /* Build configuration list for PBXProject "PracticeTableView" */ = {
			isa = XCConfigurationList;
			buildConfigurations = (
				6344097422F1738B00F64C99 /* Debug */,
				6344097522F1738B00F64C99 /* Release */,
			);
			defaultConfigurationIsVisible = 0;
			defaultConfigurationName = Release;
		};
		6344097622F1738B00F64C99 /* Build configuration list for PBXNativeTarget "PracticeTableView" */ = {
			isa = XCConfigurationList;
			buildConfigurations = (
				6344097722F1738B00F64C99 /* Debug */,
				6344097822F1738B00F64C99 /* Release */,
			);
			defaultConfigurationIsVisible = 0;
			defaultConfigurationName = Release;
		};
		6344097922F1738B00F64C99 /* Build configuration list for PBXNativeTarget "PracticeTableViewTests" */ = {
			isa = XCConfigurationList;
			buildConfigurations = (
				6344097A22F1738B00F64C99 /* Debug */,
				6344097B22F1738B00F64C99 /* Release */,
			);
			defaultConfigurationIsVisible = 0;
			defaultConfigurationName = Release;
		};
		6344097C22F1738B00F64C99 /* Build configuration list for PBXNativeTarget "PracticeTableViewUITests" */ = {
			isa = XCConfigurationList;
			buildConfigurations = (
				6344097D22F1738B00F64C99 /* Debug */,
				6344097E22F1738B00F64C99 /* Release */,
			);
			defaultConfigurationIsVisible = 0;
			defaultConfigurationName = Release;
		};
/* End XCConfigurationList section */
	};
	rootObject = 6344094622F1738900F64C99 /* Project object */;
}
